#MicroXplorer Configuration settings - do not modify
CAN1.CalculateTimeBit=3000
CAN1.CalculateTimeQuantum=1000.0
CAN1.IPParameters=CalculateTimeQuantum,CalculateTimeBit
Dma.Request0=TIM8_CH4/TRIG/COM
Dma.RequestsNb=1
Dma.TIM8_CH4/TRIG/COM.0.Direction=DMA_PERIPH_TO_MEMORY
Dma.TIM8_CH4/TRIG/COM.0.FIFOMode=DMA_FIFOMODE_DISABLE
Dma.TIM8_CH4/TRIG/COM.0.Instance=DMA2_Stream7
Dma.TIM8_CH4/TRIG/COM.0.MemDataAlignment=DMA_MDATAALIGN_BYTE
Dma.TIM8_CH4/TRIG/COM.0.MemInc=DMA_MINC_ENABLE
Dma.TIM8_CH4/TRIG/COM.0.Mode=DMA_NORMAL
Dma.TIM8_CH4/TRIG/COM.0.PeriphDataAlignment=DMA_PDATAALIGN_BYTE
Dma.TIM8_CH4/TRIG/COM.0.PeriphInc=DMA_PINC_DISABLE
Dma.TIM8_CH4/TRIG/COM.0.Priority=DMA_PRIORITY_VERY_HIGH
Dma.TIM8_CH4/TRIG/COM.0.RequestParameters=Instance,Direction,PeriphInc,MemInc,PeriphDataAlignment,MemDataAlignment,Mode,Priority,FIFOMode
File.Version=6
KeepUserPlacement=false
Mcu.Family=STM32F4
Mcu.IP0=CAN1
Mcu.IP1=DMA
Mcu.IP2=I2C1
Mcu.IP3=NVIC
Mcu.IP4=RCC
Mcu.IP5=SYS
Mcu.IP6=TIM8
Mcu.IP7=USART1
Mcu.IP8=USART2
Mcu.IPNb=9
Mcu.Name=STM32F407Z(E-G)Tx
Mcu.Package=LQFP144
Mcu.Pin0=PA2
Mcu.Pin1=PA3
Mcu.Pin10=PA14
Mcu.Pin11=PA15
Mcu.Pin12=PD0
Mcu.Pin13=PD1
Mcu.Pin14=PD2
Mcu.Pin15=PD3
Mcu.Pin16=PD4
Mcu.Pin17=PD5
Mcu.Pin18=PD6
Mcu.Pin19=PD7
Mcu.Pin2=PC7
Mcu.Pin20=PB3
Mcu.Pin21=PB8
Mcu.Pin22=PB9
Mcu.Pin3=PC8
Mcu.Pin4=PC9
Mcu.Pin5=PA9
Mcu.Pin6=PA10
Mcu.Pin7=PA11
Mcu.Pin8=PA12
Mcu.Pin9=PA13
Mcu.PinsNb=23
Mcu.UserConstants=
Mcu.UserName=STM32F407ZGTx
MxCube.Version=4.21.0
MxDb.Version=DB.4.0.210
NVIC.BusFault_IRQn=true\:0\:0\:false\:false\:true
NVIC.DMA2_Stream7_IRQn=true\:0\:0\:false\:false\:true
NVIC.DebugMonitor_IRQn=true\:0\:0\:false\:false\:true
NVIC.HardFault_IRQn=true\:0\:0\:false\:false\:true
NVIC.MemoryManagement_IRQn=true\:0\:0\:false\:false\:true
NVIC.NonMaskableInt_IRQn=true\:0\:0\:false\:false\:true
NVIC.PendSV_IRQn=true\:0\:0\:false\:false\:true
NVIC.PriorityGroup=NVIC_PRIORITYGROUP_4
NVIC.SVCall_IRQn=true\:0\:0\:false\:false\:true
NVIC.SysTick_IRQn=true\:0\:0\:false\:false\:true
NVIC.UsageFault_IRQn=true\:0\:0\:false\:false\:true
PA10.Mode=Asynchronous
PA10.Signal=USART1_RX
PA11.Mode=Master
PA11.Signal=CAN1_RX
PA12.Mode=Master
PA12.Signal=CAN1_TX
PA13.Mode=JTAG_4_pins
PA13.Signal=SYS_JTMS-SWDIO
PA14.Mode=JTAG_4_pins
PA14.Signal=SYS_JTCK-SWCLK
PA15.Mode=JTAG_4_pins
PA15.Signal=SYS_JTDI
PA2.Mode=Asynchronous
PA2.Signal=USART2_TX
PA3.Mode=Asynchronous
PA3.Signal=USART2_RX
PA9.Mode=Asynchronous
PA9.Signal=USART1_TX
PB3.Mode=JTAG_4_pins
PB3.Signal=SYS_JTDO-SWO
PB8.Mode=I2C
PB8.Signal=I2C1_SCL
PB9.Mode=I2C
PB9.Signal=I2C1_SDA
PC7.Locked=true
PC7.Signal=GPXTI7
PC8.Locked=true
PC8.Signal=GPXTI8
PC9.Signal=S_TIM8_CH4
PCC.Checker=false
PCC.Line=STM32F407/417
PCC.MCU=STM32F407Z(E-G)Tx
PCC.PartNumber=STM32F407ZGTx
PCC.Seq0=0
PCC.Series=STM32F4
PCC.Temperature=25
PCC.Vdd=3.3
PD0.Locked=true
PD0.Signal=GPIO_Input
PD1.Locked=true
PD1.Signal=GPIO_Input
PD2.Locked=true
PD2.Signal=GPIO_Input
PD3.Locked=true
PD3.Signal=GPIO_Input
PD4.Locked=true
PD4.Signal=GPIO_Input
PD5.Locked=true
PD5.Signal=GPIO_Input
PD6.Locked=true
PD6.Signal=GPIO_Input
PD7.Locked=true
PD7.Signal=GPIO_Input
RCC.AHBFreq_Value=16000000
RCC.APB1Freq_Value=16000000
RCC.APB2Freq_Value=16000000
RCC.CortexFreq_Value=16000000
RCC.FamilyName=M
RCC.HSE_VALUE=25000000
RCC.HSI_VALUE=16000000
RCC.I2SClocksFreq_Value=96000000
RCC.IPParameters=AHBFreq_Value,APB1Freq_Value,APB2Freq_Value,CortexFreq_Value,FamilyName,HSE_VALUE,HSI_VALUE,I2SClocksFreq_Value,LSE_VALUE,LSI_VALUE,PLLCLKFreq_Value,PLLQCLKFreq_Value,RTCFreq_Value,RTCHSEDivFreq_Value,SYSCLKFreq_VALUE,VCOI2SOutputFreq_Value,VCOInputFreq_Value,VCOOutputFreq_Value,VcooutputI2S
RCC.LSE_VALUE=32768
RCC.LSI_VALUE=32000
RCC.PLLCLKFreq_Value=96000000
RCC.PLLQCLKFreq_Value=48000000
RCC.RTCFreq_Value=32000
RCC.RTCHSEDivFreq_Value=12500000
RCC.SYSCLKFreq_VALUE=16000000
RCC.VCOI2SOutputFreq_Value=192000000
RCC.VCOInputFreq_Value=1000000
RCC.VCOOutputFreq_Value=192000000
RCC.VcooutputI2S=96000000
SH.GPXTI7.0=GPIO_EXTI7
SH.GPXTI7.ConfNb=1
SH.GPXTI8.0=GPIO_EXTI8
SH.GPXTI8.ConfNb=1
SH.S_TIM8_CH4.0=TIM8_CH4,Input_Capture4_from_TI4
SH.S_TIM8_CH4.ConfNb=1
TIM8.Channel-Input_Capture4_from_TI4=TIM_CHANNEL_4
TIM8.IPParameters=Channel-Input_Capture4_from_TI4
USART1.IPParameters=VirtualMode
USART1.VirtualMode=VM_ASYNC
USART2.IPParameters=VirtualMode
USART2.VirtualMode=VM_ASYNC
